
Microsoft Visual Studio Solution File, Format Version 12.00
# Visual Studio Version 17
VisualStudioVersion = 17.3.32922.545
MinimumVisualStudioVersion = 10.0.40219.1
Project("{FAE04EC0-301F-11D3-BF4B-00C04F79EFBC}") = "BookList", "BookList\BookList.csproj", "{5FA9CE32-C56F-4B8E-B2A0-9E5BF8552180}"
EndProject
Global
	GlobalSection(SolutionConfigurationPlatforms) = preSolution
		Debug|Any CPU = Debug|Any CPU
		Release|Any CPU = Release|Any CPU
	EndGlobalSection
	GlobalSection(ProjectConfigurationPlatforms) = postSolution
		{5FA9CE32-C56F-4B8E-B2A0-9E5BF8552180}.Debug|Any CPU.ActiveCfg = Debug|Any CPU
		{5FA9CE32-C56F-4B8E-B2A0-9E5BF8552180}.Debug|Any CPU.Build.0 = Debug|Any CPU
		{5FA9CE32-C56F-4B8E-B2A0-9E5BF8552180}.Release|Any CPU.ActiveCfg = Release|Any CPU
		{5FA9CE32-C56F-4B8E-B2A0-9E5BF8552180}.Release|Any CPU.Build.0 = Release|Any CPU
	EndGlobalSection
	GlobalSection(SolutionProperties) = preSolution
		HideSolutionNode = FALSE
	EndGlobalSection
	GlobalSection(ExtensibilityGlobals) = postSolution
		SolutionGuid = {F33AE0C6-53FA-45BF-9D9B-FCA9530878E4}
	EndGlobalSection
EndGlobal
